
Microsoft Visual Studio Solution File, Format Version 12.00
# Visual Studio Version 17
VisualStudioVersion = 17.5.33516.290
MinimumVisualStudioVersion = 10.0.40219.1
Project("{9A19103F-16F7-4668-BE54-9A1E7A4F7556}") = "BedsideMonitoring.WinForms", "BedsideMonitoring.WinForms\BedsideMonitoring.WinForms.csproj", "{2FCA3805-0B31-45F8-88E9-51B85C138545}"
EndProject
Project("{9A19103F-16F7-4668-BE54-9A1E7A4F7556}") = "BedsideMonitoringTests", "BedsideMonitoringTests\BedsideMonitoringTests.csproj", "{A05EEAF3-9CD3-4420-9861-ACFB8B2040A8}"
EndProject
Project("{FAE04EC0-301F-11D3-BF4B-00C04F79EFBC}") = "BedsideMonitoring", "BedsideMonitoring\BedsideMonitoring.csproj", "{C9C1DF50-2FAB-49DE-8DA5-F4229ECC5413}"
EndProject
Global
	GlobalSection(SolutionConfigurationPlatforms) = preSolution
		Debug|Any CPU = Debug|Any CPU
		Release|Any CPU = Release|Any CPU
	EndGlobalSection
	GlobalSection(ProjectConfigurationPlatforms) = postSolution
		{2FCA3805-0B31-45F8-88E9-51B85C138545}.Debug|Any CPU.ActiveCfg = Debug|Any CPU
		{2FCA3805-0B31-45F8-88E9-51B85C138545}.Debug|Any CPU.Build.0 = Debug|Any CPU
		{2FCA3805-0B31-45F8-88E9-51B85C138545}.Release|Any CPU.ActiveCfg = Release|Any CPU
		{2FCA3805-0B31-45F8-88E9-51B85C138545}.Release|Any CPU.Build.0 = Release|Any CPU
		{A05EEAF3-9CD3-4420-9861-ACFB8B2040A8}.Debug|Any CPU.ActiveCfg = Debug|Any CPU
		{A05EEAF3-9CD3-4420-9861-ACFB8B2040A8}.Debug|Any CPU.Build.0 = Debug|Any CPU
		{A05EEAF3-9CD3-4420-9861-ACFB8B2040A8}.Release|Any CPU.ActiveCfg = Release|Any CPU
		{A05EEAF3-9CD3-4420-9861-ACFB8B2040A8}.Release|Any CPU.Build.0 = Release|Any CPU
		{C9C1DF50-2FAB-49DE-8DA5-F4229ECC5413}.Debug|Any CPU.ActiveCfg = Debug|Any CPU
		{C9C1DF50-2FAB-49DE-8DA5-F4229ECC5413}.Debug|Any CPU.Build.0 = Debug|Any CPU
		{C9C1DF50-2FAB-49DE-8DA5-F4229ECC5413}.Debug|Any CPU.Deploy.0 = Debug|Any CPU
		{C9C1DF50-2FAB-49DE-8DA5-F4229ECC5413}.Release|Any CPU.ActiveCfg = Release|Any CPU
		{C9C1DF50-2FAB-49DE-8DA5-F4229ECC5413}.Release|Any CPU.Build.0 = Release|Any CPU
		{C9C1DF50-2FAB-49DE-8DA5-F4229ECC5413}.Release|Any CPU.Deploy.0 = Release|Any CPU
	EndGlobalSection
	GlobalSection(SolutionProperties) = preSolution
		HideSolutionNode = FALSE
	EndGlobalSection
EndGlobal
